{
  "nodes": {
    "flake-compat": {
      "flake": false,
      "locked": {
        "lastModified": 1747046372,
        "narHash": "sha256-CIVLLkVgvHYbgI2UpXvIIBJ12HWgX+fjA8Xf8PUmqCY=",
        "owner": "edolstra",
        "repo": "flake-compat",
        "rev": "9100a0f413b0c601e0533d1d94ffd501ce2e7885",
        "type": "github"
      },
      "original": {
        "owner": "edolstra",
        "repo": "flake-compat",
        "type": "github"
      }
    },
    "flake-parts": {
      "inputs": {
        "nixpkgs-lib": [
          "neovim",
          "nixpkgs"
        ]
      },
      "locked": {
        "lastModified": 1762980239,
        "narHash": "sha256-8oNVE8TrD19ulHinjaqONf9QWCKK+w4url56cdStMpM=",
        "owner": "hercules-ci",
        "repo": "flake-parts",
        "rev": "52a2caecc898d0b46b2b905f058ccc5081f842da",
        "type": "github"
      },
      "original": {
        "owner": "hercules-ci",
        "repo": "flake-parts",
        "type": "github"
      }
    },
    "gitignore": {
      "inputs": {
        "nixpkgs": [
          "pre-commit-hooks",
          "nixpkgs"
        ]
      },
      "locked": {
        "lastModified": 1709087332,
        "narHash": "sha256-HG2cCnktfHsKV0s4XW83gU3F57gaTljL9KNSuG6bnQs=",
        "owner": "hercules-ci",
        "repo": "gitignore.nix",
        "rev": "637db329424fd7e46cf4185293b9cc8c88c95394",
        "type": "github"
      },
      "original": {
        "owner": "hercules-ci",
        "repo": "gitignore.nix",
        "type": "github"
      }
    },
    "neovim": {
      "inputs": {
        "flake-parts": "flake-parts",
        "neovim-src": "neovim-src",
        "nixpkgs": [
          "nixpkgs"
        ]
      },
      "locked": {
        "lastModified": 1763424377,
        "narHash": "sha256-le7Pl92+UgbftZNQH8+nJnERVGTrfKMuQgaJIc4VsB0=",
        "owner": "nix-community",
        "repo": "neovim-nightly-overlay",
        "rev": "f15729dbae4e51ffa77b62abdd59d555d73b6cfb",
        "type": "github"
      },
      "original": {
        "owner": "nix-community",
        "repo": "neovim-nightly-overlay",
        "type": "github"
      }
    },
    "neovim-src": {
      "flake": false,
      "locked": {
        "lastModified": 1763404442,
        "narHash": "sha256-2mWXjP4vKxUsfF/UNkfO587fbl7iyXv/ARf6fFv6Gik=",
        "owner": "neovim",
        "repo": "neovim",
        "rev": "c4ac36bfd9bc9826dde01839d10d0e65a7b3c9e2",
        "type": "github"
      },
      "original": {
        "owner": "neovim",
        "repo": "neovim",
        "type": "github"
      }
    },
    "nixpkgs": {
      "locked": {
        "lastModified": 1763283776,
        "narHash": "sha256-Y7TDFPK4GlqrKrivOcsHG8xSGqQx3A6c+i7novT85Uk=",
        "owner": "NixOS",
        "repo": "nixpkgs",
        "rev": "50a96edd8d0db6cc8db57dab6bb6d6ee1f3dc49a",
        "type": "github"
      },
      "original": {
        "owner": "NixOS",
        "ref": "nixos-unstable",
        "repo": "nixpkgs",
        "type": "github"
      }
    },
    "nvim-fx": {
      "flake": false,
      "locked": {
        "lastModified": 1728007687,
        "narHash": "sha256-PSpGU2H508QUpkAPhyi5EO1xyDPOX1KEW5oXWQE0baA=",
        "owner": "gametaro",
        "repo": "nvim-fx",
        "rev": "17de9a150c3ade94b92aba3729627c1b3031acba",
        "type": "github"
      },
      "original": {
        "owner": "gametaro",
        "repo": "nvim-fx",
        "type": "github"
      }
    },
    "nvim-quickview": {
      "flake": false,
      "locked": {
        "lastModified": 1706405050,
        "narHash": "sha256-GHNVqsoV3T+1KambX0fdrTB8UzgIoR8DmH1fyvj/MEM=",
        "owner": "gametaro",
        "repo": "nvim-quickview",
        "rev": "88080b669785efb1c641eb655770429ece401365",
        "type": "github"
      },
      "original": {
        "owner": "gametaro",
        "repo": "nvim-quickview",
        "type": "github"
      }
    },
    "nvim-solo": {
      "flake": false,
      "locked": {
        "lastModified": 1706346150,
        "narHash": "sha256-bfctdHXV2WqzX0z0tiH+OEPnNEdkdwhOfTEatlmMnb0=",
        "owner": "gametaro",
        "repo": "nvim-solo",
        "rev": "daea76c94467bc11f1ddef68cf446c1ac97a8e45",
        "type": "github"
      },
      "original": {
        "owner": "gametaro",
        "repo": "nvim-solo",
        "type": "github"
      }
    },
    "pre-commit-hooks": {
      "inputs": {
        "flake-compat": "flake-compat",
        "gitignore": "gitignore",
        "nixpkgs": [
          "nixpkgs"
        ]
      },
      "locked": {
        "lastModified": 1763319842,
        "narHash": "sha256-YG19IyrTdnVn0l3DvcUYm85u3PaqBt6tI6VvolcuHnA=",
        "owner": "cachix",
        "repo": "git-hooks.nix",
        "rev": "7275fa67fbbb75891c16d9dee7d88e58aea2d761",
        "type": "github"
      },
      "original": {
        "owner": "cachix",
        "repo": "git-hooks.nix",
        "type": "github"
      }
    },
    "root": {
      "inputs": {
        "neovim": "neovim",
        "nixpkgs": "nixpkgs",
        "nvim-fx": "nvim-fx",
        "nvim-quickview": "nvim-quickview",
        "nvim-solo": "nvim-solo",
        "pre-commit-hooks": "pre-commit-hooks"
      }
    }
  },
  "root": "root",
  "version": 7
}
